<?xml version="1.0" encoding="utf-8"?>
<Project ToolsVersion="4.0" xmlns="http://schemas.microsoft.com/developer/msbuild/2003">
  <ItemGroup>
    <Filter Include="Source Files">
      <UniqueIdentifier>{4FC737F1-C7A5-4376-A066-2A32D752A2FF}</UniqueIdentifier>
      <Extensions>cpp;c;cc;cxx;c++;cppm;ixx;def;odl;idl;hpj;bat;asm;asmx</Extensions>
    </Filter>
    <Filter Include="Header Files">
      <UniqueIdentifier>{93995380-89BD-4b04-88EB-625FBE52EBFB}</UniqueIdentifier>
      <Extensions>h;hh;hpp;hxx;h++;hm;inl;inc;ipp;xsd</Extensions>
    </Filter>
    <Filter Include="Resource Files">
      <UniqueIdentifier>{67DA6AB6-F800-4c08-8B7A-83BB121AAD01}</UniqueIdentifier>
      <Extensions>rc;ico;cur;bmp;dlg;rc2;rct;bin;rgs;gif;jpg;jpeg;jpe;resx;tiff;tif;png;wav;mfcribbon-ms</Extensions>
    </Filter>
    <Filter Include="Header Files\_ImGui">
      <UniqueIdentifier>{faab6870-a1ef-49c0-be7f-01ce864a7a82}</UniqueIdentifier>
    </Filter>
    <Filter Include="Source Files\window">
      <UniqueIdentifier>{3b5703eb-8a26-4965-b3b8-8d809912ecc2}</UniqueIdentifier>
    </Filter>
    <Filter Include="Source Files\filesystem">
      <UniqueIdentifier>{73fa63bb-b0a7-4d4a-b3a2-08c8da2589d3}</UniqueIdentifier>
    </Filter>
    <Filter Include="Source Files\utils">
      <UniqueIdentifier>{c3a64939-4165-4c80-8a28-4ae7fc2cbb2f}</UniqueIdentifier>
    </Filter>
    <Filter Include="Source Files\xmodel2map">
      <UniqueIdentifier>{a8ff75ff-8c3e-4e05-846c-33a68b5505bb}</UniqueIdentifier>
    </Filter>
    <Filter Include="Source Files\xmodel2map\log">
      <UniqueIdentifier>{7f79b0b0-ae7d-4828-81f9-d8d97e7208ca}</UniqueIdentifier>
    </Filter>
    <Filter Include="Source Files\map2xmodel">
      <UniqueIdentifier>{56ed2fad-dd17-4f1d-b165-1f2d560bdad6}</UniqueIdentifier>
    </Filter>
    <Filter Include="Source Files\xmodel2map\preferences">
      <UniqueIdentifier>{f8b0a5d4-7603-4270-b1dc-f5b87931b67a}</UniqueIdentifier>
    </Filter>
  </ItemGroup>
  <ItemGroup>
    <ClCompile Include="xmodel2colmap.cpp">
      <Filter>Source Files</Filter>
    </ClCompile>
    <ClCompile Include="ImGui\imgui_draw.cpp">
      <Filter>Header Files\_ImGui</Filter>
    </ClCompile>
    <ClCompile Include="ImGui\imgui_impl_dx9.cpp">
      <Filter>Header Files\_ImGui</Filter>
    </ClCompile>
    <ClCompile Include="ImGui\imgui_impl_win32.cpp">
      <Filter>Header Files\_ImGui</Filter>
    </ClCompile>
    <ClCompile Include="ImGui\imgui_tables.cpp">
      <Filter>Header Files\_ImGui</Filter>
    </ClCompile>
    <ClCompile Include="ImGui\imgui_widgets.cpp">
      <Filter>Header Files\_ImGui</Filter>
    </ClCompile>
    <ClCompile Include="ImGui\imgui.cpp">
      <Filter>Header Files\_ImGui</Filter>
    </ClCompile>
    <ClCompile Include="ImGui\imgui_demo.cpp">
      <Filter>Header Files\_ImGui</Filter>
    </ClCompile>
    <ClCompile Include="window.cpp">
      <Filter>Source Files\window</Filter>
    </ClCompile>
    <ClCompile Include="filesystem.cpp">
      <Filter>Source Files\filesystem</Filter>
    </ClCompile>
    <ClCompile Include="x_init.cpp">
      <Filter>Source Files\xmodel2map</Filter>
    </ClCompile>
    <ClCompile Include="x_read.cpp">
      <Filter>Source Files\xmodel2map</Filter>
    </ClCompile>
    <ClCompile Include="utils.cpp">
      <Filter>Source Files\utils</Filter>
    </ClCompile>
    <ClCompile Include="x_utils.cpp">
      <Filter>Source Files\xmodel2map</Filter>
    </ClCompile>
    <ClCompile Include="x_vertex.cpp">
      <Filter>Source Files\xmodel2map</Filter>
    </ClCompile>
    <ClCompile Include="x_face.cpp">
      <Filter>Source Files\xmodel2map</Filter>
    </ClCompile>
    <ClCompile Include="x_make_triangle.cpp">
      <Filter>Source Files\xmodel2map</Filter>
    </ClCompile>
    <ClCompile Include="window_utils.cpp">
      <Filter>Source Files\window</Filter>
    </ClCompile>
    <ClCompile Include="log.cpp">
      <Filter>Source Files\xmodel2map\log</Filter>
    </ClCompile>
    <ClCompile Include="x_preferences.cpp">
      <Filter>Source Files\xmodel2map\preferences</Filter>
    </ClCompile>
  </ItemGroup>
  <ItemGroup>
    <ClInclude Include="ImGui\imgui_impl_dx9.h">
      <Filter>Header Files\_ImGui</Filter>
    </ClInclude>
    <ClInclude Include="ImGui\imgui_impl_win32.h">
      <Filter>Header Files\_ImGui</Filter>
    </ClInclude>
    <ClInclude Include="ImGui\imgui_internal.h">
      <Filter>Header Files\_ImGui</Filter>
    </ClInclude>
    <ClInclude Include="ImGui\imstb_rectpack.h">
      <Filter>Header Files\_ImGui</Filter>
    </ClInclude>
    <ClInclude Include="ImGui\imstb_textedit.h">
      <Filter>Header Files\_ImGui</Filter>
    </ClInclude>
    <ClInclude Include="ImGui\imstb_truetype.h">
      <Filter>Header Files\_ImGui</Filter>
    </ClInclude>
    <ClInclude Include="ImGui\imconfig.h">
      <Filter>Header Files\_ImGui</Filter>
    </ClInclude>
    <ClInclude Include="ImGui\imgui.h">
      <Filter>Header Files\_ImGui</Filter>
    </ClInclude>
    <ClInclude Include="h.h">
      <Filter>Header Files</Filter>
    </ClInclude>
    <ClInclude Include="window.h">
      <Filter>Source Files\window</Filter>
    </ClInclude>
    <ClInclude Include="filesystem.h">
      <Filter>Source Files\filesystem</Filter>
    </ClInclude>
    <ClInclude Include="x_init.h">
      <Filter>Source Files\xmodel2map</Filter>
    </ClInclude>
    <ClInclude Include="utils.h">
      <Filter>Source Files\utils</Filter>
    </ClInclude>
    <ClInclude Include="log.h">
      <Filter>Source Files\xmodel2map\log</Filter>
    </ClInclude>
    <ClInclude Include="x_preferences.h">
      <Filter>Source Files\xmodel2map\preferences</Filter>
    </ClInclude>
    <ClInclude Include="resource.h">
      <Filter>Header Files</Filter>
    </ClInclude>
  </ItemGroup>
  <ItemGroup>
    <ResourceCompile Include="xmodel2colmap.rc">
      <Filter>Resource Files</Filter>
    </ResourceCompile>
  </ItemGroup>
  <ItemGroup>
    <Image Include="C:\Users\L\Desktop\x2c.ico">
      <Filter>Resource Files</Filter>
    </Image>
  </ItemGroup>
</Project>